// !$*UTF8*$!
{
	archiveVersion = 1;
	classes = {
	};
	objectVersion = 48;
	objects = {

/* Begin PBXBuildFile section */
		8E048ED4207EF65000A532BA /* OptionsViewModel.swift in Sources */ = {isa = PBXBuildFile; fileRef = 8E048ED3207EF65000A532BA /* OptionsViewModel.swift */; };
		8E048ED6207EF83300A532BA /* ExpandableHeaderView.swift in Sources */ = {isa = PBXBuildFile; fileRef = 8E048ED5207EF83300A532BA /* ExpandableHeaderView.swift */; };
		8E048ED9207F26F500A532BA /* OptionsTableViewCell.swift in Sources */ = {isa = PBXBuildFile; fileRef = 8E048ED7207F26F500A532BA /* OptionsTableViewCell.swift */; };
		8E048EDA207F26F500A532BA /* OptionsTableViewCell.xib in Resources */ = {isa = PBXBuildFile; fileRef = 8E048ED8207F26F500A532BA /* OptionsTableViewCell.xib */; };
		8E0D30B1208EBB0F00B7FC59 /* ToastUtil.swift in Sources */ = {isa = PBXBuildFile; fileRef = 8E0D30B0208EBB0F00B7FC59 /* ToastUtil.swift */; };
		8E2E6567208D5F3600FB2CE4 /* BlackGridLine.swift in Sources */ = {isa = PBXBuildFile; fileRef = 8E2E6566208D5F3600FB2CE4 /* BlackGridLine.swift */; };
		8E4DC18820BE2C31007ED7A2 /* AllDayViewModel.swift in Sources */ = {isa = PBXBuildFile; fileRef = 8E4DC18720BE2C31007ED7A2 /* AllDayViewModel.swift */; };
		8E4DC18A20BE2D58007ED7A2 /* DefaultEvent.swift in Sources */ = {isa = PBXBuildFile; fileRef = 8E4DC18920BE2D58007ED7A2 /* DefaultEvent.swift */; };
		8E54D53B208D6997007DD5FE /* CustomWeekView.swift in Sources */ = {isa = PBXBuildFile; fileRef = 8E54D53A208D6997007DD5FE /* CustomWeekView.swift */; };
		8E54D53E208D6A2B007DD5FE /* HourRowHeader.swift in Sources */ = {isa = PBXBuildFile; fileRef = 8E54D53C208D6A2B007DD5FE /* HourRowHeader.swift */; };
		8E5BB3D22072F4A000FA853F /* AppDelegate.swift in Sources */ = {isa = PBXBuildFile; fileRef = 8E5BB3D12072F4A000FA853F /* AppDelegate.swift */; };
		8E5BB3D42072F4A000FA853F /* DefaultViewController.swift in Sources */ = {isa = PBXBuildFile; fileRef = 8E5BB3D32072F4A000FA853F /* DefaultViewController.swift */; };
		8E5BB3D72072F4A000FA853F /* Main.storyboard in Resources */ = {isa = PBXBuildFile; fileRef = 8E5BB3D52072F4A000FA853F /* Main.storyboard */; };
		8E5BB3D92072F4A000FA853F /* Assets.xcassets in Resources */ = {isa = PBXBuildFile; fileRef = 8E5BB3D82072F4A000FA853F /* Assets.xcassets */; };
		8E5BB3DC2072F4A000FA853F /* LaunchScreen.storyboard in Resources */ = {isa = PBXBuildFile; fileRef = 8E5BB3DA2072F4A000FA853F /* LaunchScreen.storyboard */; };
		8E5BB4022073226100FA853F /* DefaultViewModel.swift in Sources */ = {isa = PBXBuildFile; fileRef = 8E5BB4012073226100FA853F /* DefaultViewModel.swift */; };
		8E5BB404207322BA00FA853F /* AllDayEvent.swift in Sources */ = {isa = PBXBuildFile; fileRef = 8E5BB403207322BA00FA853F /* AllDayEvent.swift */; };
		8E5BB407207325AB00FA853F /* Extensions.swift in Sources */ = {isa = PBXBuildFile; fileRef = 8E5BB406207325AB00FA853F /* Extensions.swift */; };
		8E5EE63D20857A6500150FD3 /* ExpandableHeaderView.xib in Resources */ = {isa = PBXBuildFile; fileRef = 8E5EE63C20857A6500150FD3 /* ExpandableHeaderView.xib */; };
		8E666F142097EC4B00FDB1B6 /* CustomViewController.swift in Sources */ = {isa = PBXBuildFile; fileRef = 8E666F132097EC4B00FDB1B6 /* CustomViewController.swift */; };
		8E7263DF2074B55300ECF7CD /* EventCell.swift in Sources */ = {isa = PBXBuildFile; fileRef = 8E7263DC2074B55300ECF7CD /* EventCell.swift */; };
		8E7263E02074B55300ECF7CD /* EventCell.xib in Resources */ = {isa = PBXBuildFile; fileRef = 8E7263DD2074B55300ECF7CD /* EventCell.xib */; };
		8E7263E32074B73300ECF7CD /* DefaultWeekView.swift in Sources */ = {isa = PBXBuildFile; fileRef = 8E7263E22074B73300ECF7CD /* DefaultWeekView.swift */; };
		8E99A0A4213523C400415071 /* CurrentTimelineAll.swift in Sources */ = {isa = PBXBuildFile; fileRef = 8E99A0A3213523C400415071 /* CurrentTimelineAll.swift */; };
		8E9A7DF520969919009AEB6E /* LongPressWeekView.swift in Sources */ = {isa = PBXBuildFile; fileRef = 8E9A7DF420969919009AEB6E /* LongPressWeekView.swift */; };
		8E9AE75B20773F3500B7004E /* ExampleOptionsViewController.swift in Sources */ = {isa = PBXBuildFile; fileRef = 8E9AE75A20773F3500B7004E /* ExampleOptionsViewController.swift */; };
		8EBD62EA2096F8AD00520E58 /* LongPressViewController.swift in Sources */ = {isa = PBXBuildFile; fileRef = 8EBD62E92096F8AD00520E58 /* LongPressViewController.swift */; };
		8EC8A46B209999A2002C7634 /* LongPressEventCell.swift in Sources */ = {isa = PBXBuildFile; fileRef = 8EC8A469209999A2002C7634 /* LongPressEventCell.swift */; };
		8EC8A46C209999A2002C7634 /* LongPressEventCell.xib in Resources */ = {isa = PBXBuildFile; fileRef = 8EC8A46A209999A2002C7634 /* LongPressEventCell.xib */; };
		8EE28FBF20882DE900C69A77 /* JZCalendarWeekView.framework in Frameworks */ = {isa = PBXBuildFile; fileRef = 8EE28FBB20882D7A00C69A77 /* JZCalendarWeekView.framework */; };
		8EE28FC020882DE900C69A77 /* JZCalendarWeekView.framework in Embed Frameworks */ = {isa = PBXBuildFile; fileRef = 8EE28FBB20882D7A00C69A77 /* JZCalendarWeekView.framework */; settings = {ATTRIBUTES = (CodeSignOnCopy, RemoveHeadersOnCopy, ); }; };
/* End PBXBuildFile section */

/* Begin PBXContainerItemProxy section */
		8EE28FBA20882D7A00C69A77 /* PBXContainerItemProxy */ = {
			isa = PBXContainerItemProxy;
			containerPortal = 8EE28FB520882D7900C69A77 /* JZCalendarWeekView.xcodeproj */;
			proxyType = 2;
			remoteGlobalIDString = 8E1BA94A206B4329007BE13C;
			remoteInfo = JZCalendarWeekView;
		};
		8EE28FBC20882D7A00C69A77 /* PBXContainerItemProxy */ = {
			isa = PBXContainerItemProxy;
			containerPortal = 8EE28FB520882D7900C69A77 /* JZCalendarWeekView.xcodeproj */;
			proxyType = 2;
			remoteGlobalIDString = 8E023C75206C6E4B00C523BE;
			remoteInfo = JZCalendarWeekViewTests;
		};
		8EE28FC120882DE900C69A77 /* PBXContainerItemProxy */ = {
			isa = PBXContainerItemProxy;
			containerPortal = 8EE28FB520882D7900C69A77 /* JZCalendarWeekView.xcodeproj */;
			proxyType = 1;
			remoteGlobalIDString = 8E1BA949206B4329007BE13C;
			remoteInfo = JZCalendarWeekView;
		};
/* End PBXContainerItemProxy section */

/* Begin PBXCopyFilesBuildPhase section */
		8E7263DA2074ADE900ECF7CD /* Embed Frameworks */ = {
			isa = PBXCopyFilesBuildPhase;
			buildActionMask = 2147483647;
			dstPath = "";
			dstSubfolderSpec = 10;
			files = (
				8EE28FC020882DE900C69A77 /* JZCalendarWeekView.framework in Embed Frameworks */,
			);
			name = "Embed Frameworks";
			runOnlyForDeploymentPostprocessing = 0;
		};
/* End PBXCopyFilesBuildPhase section */

/* Begin PBXFileReference section */
		8E048ED3207EF65000A532BA /* OptionsViewModel.swift */ = {isa = PBXFileReference; lastKnownFileType = sourcecode.swift; path = OptionsViewModel.swift; sourceTree = "<group>"; };
		8E048ED5207EF83300A532BA /* ExpandableHeaderView.swift */ = {isa = PBXFileReference; lastKnownFileType = sourcecode.swift; path = ExpandableHeaderView.swift; sourceTree = "<group>"; };
		8E048ED7207F26F500A532BA /* OptionsTableViewCell.swift */ = {isa = PBXFileReference; lastKnownFileType = sourcecode.swift; path = OptionsTableViewCell.swift; sourceTree = "<group>"; };
		8E048ED8207F26F500A532BA /* OptionsTableViewCell.xib */ = {isa = PBXFileReference; lastKnownFileType = file.xib; path = OptionsTableViewCell.xib; sourceTree = "<group>"; };
		8E0D30B0208EBB0F00B7FC59 /* ToastUtil.swift */ = {isa = PBXFileReference; lastKnownFileType = sourcecode.swift; path = ToastUtil.swift; sourceTree = "<group>"; };
		8E2E6566208D5F3600FB2CE4 /* BlackGridLine.swift */ = {isa = PBXFileReference; lastKnownFileType = sourcecode.swift; path = BlackGridLine.swift; sourceTree = "<group>"; };
		8E4DC18720BE2C31007ED7A2 /* AllDayViewModel.swift */ = {isa = PBXFileReference; lastKnownFileType = sourcecode.swift; path = AllDayViewModel.swift; sourceTree = "<group>"; };
		8E4DC18920BE2D58007ED7A2 /* DefaultEvent.swift */ = {isa = PBXFileReference; lastKnownFileType = sourcecode.swift; path = DefaultEvent.swift; sourceTree = "<group>"; };
		8E54D53A208D6997007DD5FE /* CustomWeekView.swift */ = {isa = PBXFileReference; lastKnownFileType = sourcecode.swift; path = CustomWeekView.swift; sourceTree = "<group>"; };
		8E54D53C208D6A2B007DD5FE /* HourRowHeader.swift */ = {isa = PBXFileReference; lastKnownFileType = sourcecode.swift; path = HourRowHeader.swift; sourceTree = "<group>"; };
		8E5BB3CE2072F4A000FA853F /* JZCalendarWeekViewExample.app */ = {isa = PBXFileReference; explicitFileType = wrapper.application; includeInIndex = 0; path = JZCalendarWeekViewExample.app; sourceTree = BUILT_PRODUCTS_DIR; };
		8E5BB3D12072F4A000FA853F /* AppDelegate.swift */ = {isa = PBXFileReference; lastKnownFileType = sourcecode.swift; path = AppDelegate.swift; sourceTree = "<group>"; };
		8E5BB3D32072F4A000FA853F /* DefaultViewController.swift */ = {isa = PBXFileReference; lastKnownFileType = sourcecode.swift; path = DefaultViewController.swift; sourceTree = "<group>"; };
		8E5BB3D62072F4A000FA853F /* Base */ = {isa = PBXFileReference; lastKnownFileType = file.storyboard; name = Base; path = Base.lproj/Main.storyboard; sourceTree = "<group>"; };
		8E5BB3D82072F4A000FA853F /* Assets.xcassets */ = {isa = PBXFileReference; lastKnownFileType = folder.assetcatalog; path = Assets.xcassets; sourceTree = "<group>"; };
		8E5BB3DB2072F4A000FA853F /* Base */ = {isa = PBXFileReference; lastKnownFileType = file.storyboard; name = Base; path = Base.lproj/LaunchScreen.storyboard; sourceTree = "<group>"; };
		8E5BB3DD2072F4A000FA853F /* Info.plist */ = {isa = PBXFileReference; lastKnownFileType = text.plist.xml; path = Info.plist; sourceTree = "<group>"; };
		8E5BB4012073226100FA853F /* DefaultViewModel.swift */ = {isa = PBXFileReference; lastKnownFileType = sourcecode.swift; path = DefaultViewModel.swift; sourceTree = "<group>"; };
		8E5BB403207322BA00FA853F /* AllDayEvent.swift */ = {isa = PBXFileReference; lastKnownFileType = sourcecode.swift; path = AllDayEvent.swift; sourceTree = "<group>"; };
		8E5BB406207325AB00FA853F /* Extensions.swift */ = {isa = PBXFileReference; lastKnownFileType = sourcecode.swift; path = Extensions.swift; sourceTree = "<group>"; };
		8E5EE63C20857A6500150FD3 /* ExpandableHeaderView.xib */ = {isa = PBXFileReference; lastKnownFileType = file.xib; path = ExpandableHeaderView.xib; sourceTree = "<group>"; };
		8E666F132097EC4B00FDB1B6 /* CustomViewController.swift */ = {isa = PBXFileReference; lastKnownFileType = sourcecode.swift; path = CustomViewController.swift; sourceTree = "<group>"; };
		8E7263DC2074B55300ECF7CD /* EventCell.swift */ = {isa = PBXFileReference; fileEncoding = 4; lastKnownFileType = sourcecode.swift; path = EventCell.swift; sourceTree = "<group>"; };
		8E7263DD2074B55300ECF7CD /* EventCell.xib */ = {isa = PBXFileReference; fileEncoding = 4; lastKnownFileType = file.xib; path = EventCell.xib; sourceTree = "<group>"; };
		8E7263E22074B73300ECF7CD /* DefaultWeekView.swift */ = {isa = PBXFileReference; lastKnownFileType = sourcecode.swift; path = DefaultWeekView.swift; sourceTree = "<group>"; };
		8E99A0A3213523C400415071 /* CurrentTimelineAll.swift */ = {isa = PBXFileReference; lastKnownFileType = sourcecode.swift; path = CurrentTimelineAll.swift; sourceTree = "<group>"; };
		8E9A7DF420969919009AEB6E /* LongPressWeekView.swift */ = {isa = PBXFileReference; lastKnownFileType = sourcecode.swift; path = LongPressWeekView.swift; sourceTree = "<group>"; };
		8E9AE75A20773F3500B7004E /* ExampleOptionsViewController.swift */ = {isa = PBXFileReference; lastKnownFileType = sourcecode.swift; path = ExampleOptionsViewController.swift; sourceTree = "<group>"; };
		8EBD62E92096F8AD00520E58 /* LongPressViewController.swift */ = {isa = PBXFileReference; lastKnownFileType = sourcecode.swift; path = LongPressViewController.swift; sourceTree = "<group>"; };
		8EC8A469209999A2002C7634 /* LongPressEventCell.swift */ = {isa = PBXFileReference; lastKnownFileType = sourcecode.swift; path = LongPressEventCell.swift; sourceTree = "<group>"; };
		8EC8A46A209999A2002C7634 /* LongPressEventCell.xib */ = {isa = PBXFileReference; lastKnownFileType = file.xib; path = LongPressEventCell.xib; sourceTree = "<group>"; };
		8EE28FB520882D7900C69A77 /* JZCalendarWeekView.xcodeproj */ = {isa = PBXFileReference; lastKnownFileType = "wrapper.pb-project"; name = JZCalendarWeekView.xcodeproj; path = ../JZCalendarWeekView.xcodeproj; sourceTree = "<group>"; };
/* End PBXFileReference section */

/* Begin PBXFrameworksBuildPhase section */
		8E5BB3CB2072F4A000FA853F /* Frameworks */ = {
			isa = PBXFrameworksBuildPhase;
			buildActionMask = 2147483647;
			files = (
				8EE28FBF20882DE900C69A77 /* JZCalendarWeekView.framework in Frameworks */,
			);
			runOnlyForDeploymentPostprocessing = 0;
		};
/* End PBXFrameworksBuildPhase section */

/* Begin PBXGroup section */
		8E048ED1207EF5FC00A532BA /* ExampleOptionsViewController */ = {
			isa = PBXGroup;
			children = (
				8E048ED3207EF65000A532BA /* OptionsViewModel.swift */,
				8E9AE75A20773F3500B7004E /* ExampleOptionsViewController.swift */,
				8E048ED5207EF83300A532BA /* ExpandableHeaderView.swift */,
				8E5EE63C20857A6500150FD3 /* ExpandableHeaderView.xib */,
				8E048ED7207F26F500A532BA /* OptionsTableViewCell.swift */,
				8E048ED8207F26F500A532BA /* OptionsTableViewCell.xib */,
			);
			path = ExampleOptionsViewController;
			sourceTree = "<group>";
		};
		8E0D30AE208EBAE400B7FC59 /* Utils */ = {
			isa = PBXGroup;
			children = (
				8E5BB406207325AB00FA853F /* Extensions.swift */,
				8E0D30B0208EBB0F00B7FC59 /* ToastUtil.swift */,
			);
			path = Utils;
			sourceTree = "<group>";
		};
		8E54D536208D6883007DD5FE /* CustomViews */ = {
			isa = PBXGroup;
			children = (
				8E666F132097EC4B00FDB1B6 /* CustomViewController.swift */,
				8E54D53A208D6997007DD5FE /* CustomWeekView.swift */,
				8E2E6566208D5F3600FB2CE4 /* BlackGridLine.swift */,
				8E54D53C208D6A2B007DD5FE /* HourRowHeader.swift */,
				8E99A0A3213523C400415071 /* CurrentTimelineAll.swift */,
			);
			path = CustomViews;
			sourceTree = "<group>";
		};
		8E5BB3C52072F4A000FA853F = {
			isa = PBXGroup;
			children = (
				8E5BB3D02072F4A000FA853F /* JZCalendarWeekViewExample */,
				8E5BB3CF2072F4A000FA853F /* Products */,
				8E5BB3F42072FD8700FA853F /* Frameworks */,
				8EE28FB520882D7900C69A77 /* JZCalendarWeekView.xcodeproj */,
			);
			sourceTree = "<group>";
		};
		8E5BB3CF2072F4A000FA853F /* Products */ = {
			isa = PBXGroup;
			children = (
				8E5BB3CE2072F4A000FA853F /* JZCalendarWeekViewExample.app */,
			);
			name = Products;
			sourceTree = "<group>";
		};
		8E5BB3D02072F4A000FA853F /* JZCalendarWeekViewExample */ = {
			isa = PBXGroup;
			children = (
				8E5BB3E62072F67F00FA853F /* Source */,
				8E5BB3E72072F69C00FA853F /* Supporting Files */,
			);
			path = JZCalendarWeekViewExample;
			sourceTree = "<group>";
		};
		8E5BB3E62072F67F00FA853F /* Source */ = {
			isa = PBXGroup;
			children = (
				8E5BB4012073226100FA853F /* DefaultViewModel.swift */,
				8E5BB3D32072F4A000FA853F /* DefaultViewController.swift */,
				8E4DC18920BE2D58007ED7A2 /* DefaultEvent.swift */,
				8E7263E22074B73300ECF7CD /* DefaultWeekView.swift */,
				8E7263DC2074B55300ECF7CD /* EventCell.swift */,
				8E7263DD2074B55300ECF7CD /* EventCell.xib */,
				8E9A7DF720969923009AEB6E /* LongPressViews */,
				8E54D536208D6883007DD5FE /* CustomViews */,
				8E048ED1207EF5FC00A532BA /* ExampleOptionsViewController */,
				8E0D30AE208EBAE400B7FC59 /* Utils */,
				8E5BB3D12072F4A000FA853F /* AppDelegate.swift */,
				8E5BB3D52072F4A000FA853F /* Main.storyboard */,
			);
			path = Source;
			sourceTree = "<group>";
		};
		8E5BB3E72072F69C00FA853F /* Supporting Files */ = {
			isa = PBXGroup;
			children = (
				8E5BB3D82072F4A000FA853F /* Assets.xcassets */,
				8E5BB3DA2072F4A000FA853F /* LaunchScreen.storyboard */,
				8E5BB3DD2072F4A000FA853F /* Info.plist */,
			);
			path = "Supporting Files";
			sourceTree = "<group>";
		};
		8E5BB3F42072FD8700FA853F /* Frameworks */ = {
			isa = PBXGroup;
			children = (
			);
			name = Frameworks;
			sourceTree = "<group>";
		};
		8E9A7DF720969923009AEB6E /* LongPressViews */ = {
			isa = PBXGroup;
			children = (
				8E4DC18720BE2C31007ED7A2 /* AllDayViewModel.swift */,
				8E5BB403207322BA00FA853F /* AllDayEvent.swift */,
				8EBD62E92096F8AD00520E58 /* LongPressViewController.swift */,
				8E9A7DF420969919009AEB6E /* LongPressWeekView.swift */,
				8EC8A469209999A2002C7634 /* LongPressEventCell.swift */,
				8EC8A46A209999A2002C7634 /* LongPressEventCell.xib */,
			);
			path = LongPressViews;
			sourceTree = "<group>";
		};
		8EE28FB620882D7900C69A77 /* Products */ = {
			isa = PBXGroup;
			children = (
				8EE28FBB20882D7A00C69A77 /* JZCalendarWeekView.framework */,
				8EE28FBD20882D7A00C69A77 /* JZCalendarWeekViewTests.xctest */,
			);
			name = Products;
			sourceTree = "<group>";
		};
/* End PBXGroup section */

/* Begin PBXNativeTarget section */
		8E5BB3CD2072F4A000FA853F /* JZCalendarWeekViewExample */ = {
			isa = PBXNativeTarget;
			buildConfigurationList = 8E5BB3E02072F4A000FA853F /* Build configuration list for PBXNativeTarget "JZCalendarWeekViewExample" */;
			buildPhases = (
				8E5BB3CA2072F4A000FA853F /* Sources */,
				8E5BB3CB2072F4A000FA853F /* Frameworks */,
				8E5BB3CC2072F4A000FA853F /* Resources */,
				8E7263DA2074ADE900ECF7CD /* Embed Frameworks */,
			);
			buildRules = (
			);
			dependencies = (
				8EE28FC220882DE900C69A77 /* PBXTargetDependency */,
			);
			name = JZCalendarWeekViewExample;
			productName = JZCalendarViewExample;
			productReference = 8E5BB3CE2072F4A000FA853F /* JZCalendarWeekViewExample.app */;
			productType = "com.apple.product-type.application";
		};
/* End PBXNativeTarget section */

/* Begin PBXProject section */
		8E5BB3C62072F4A000FA853F /* Project object */ = {
			isa = PBXProject;
			attributes = {
				LastSwiftUpdateCheck = 0920;
				LastUpgradeCheck = 0930;
				ORGANIZATIONNAME = "Jeff Zhang";
				TargetAttributes = {
					8E5BB3CD2072F4A000FA853F = {
						CreatedOnToolsVersion = 9.2;
						LastSwiftMigration = 1020;
						ProvisioningStyle = Automatic;
					};
				};
			};
			buildConfigurationList = 8E5BB3C92072F4A000FA853F /* Build configuration list for PBXProject "JZCalendarWeekViewExample" */;
			compatibilityVersion = "Xcode 8.0";
			developmentRegion = en;
			hasScannedForEncodings = 0;
			knownRegions = (
				en,
				Base,
			);
			mainGroup = 8E5BB3C52072F4A000FA853F;
			productRefGroup = 8E5BB3CF2072F4A000FA853F /* Products */;
			projectDirPath = "";
			projectReferences = (
				{
					ProductGroup = 8EE28FB620882D7900C69A77 /* Products */;
					ProjectRef = 8EE28FB520882D7900C69A77 /* JZCalendarWeekView.xcodeproj */;
				},
			);
			projectRoot = "";
			targets = (
				8E5BB3CD2072F4A000FA853F /* JZCalendarWeekViewExample */,
			);
		};
/* End PBXProject section */

/* Begin PBXReferenceProxy section */
		8EE28FBB20882D7A00C69A77 /* JZCalendarWeekView.framework */ = {
			isa = PBXReferenceProxy;
			fileType = wrapper.framework;
			path = JZCalendarWeekView.framework;
			remoteRef = 8EE28FBA20882D7A00C69A77 /* PBXContainerItemProxy */;
			sourceTree = BUILT_PRODUCTS_DIR;
		};
		8EE28FBD20882D7A00C69A77 /* JZCalendarWeekViewTests.xctest */ = {
			isa = PBXReferenceProxy;
			fileType = wrapper.cfbundle;
			path = JZCalendarWeekViewTests.xctest;
			remoteRef = 8EE28FBC20882D7A00C69A77 /* PBXContainerItemProxy */;
			sourceTree = BUILT_PRODUCTS_DIR;
		};
/* End PBXReferenceProxy section */

/* Begin PBXResourcesBuildPhase section */
		8E5BB3CC2072F4A000FA853F /* Resources */ = {
			isa = PBXResourcesBuildPhase;
			buildActionMask = 2147483647;
			files = (
				8EC8A46C209999A2002C7634 /* LongPressEventCell.xib in Resources */,
				8E5BB3DC2072F4A000FA853F /* LaunchScreen.storyboard in Resources */,
				8E5EE63D20857A6500150FD3 /* ExpandableHeaderView.xib in Resources */,
				8E7263E02074B55300ECF7CD /* EventCell.xib in Resources */,
				8E048EDA207F26F500A532BA /* OptionsTableViewCell.xib in Resources */,
				8E5BB3D92072F4A000FA853F /* Assets.xcassets in Resources */,
				8E5BB3D72072F4A000FA853F /* Main.storyboard in Resources */,
			);
			runOnlyForDeploymentPostprocessing = 0;
		};
/* End PBXResourcesBuildPhase section */

/* Begin PBXSourcesBuildPhase section */
		8E5BB3CA2072F4A000FA853F /* Sources */ = {
			isa = PBXSourcesBuildPhase;
			buildActionMask = 2147483647;
			files = (
				8E4DC18A20BE2D58007ED7A2 /* DefaultEvent.swift in Sources */,
				8E5BB407207325AB00FA853F /* Extensions.swift in Sources */,
				8E5BB3D42072F4A000FA853F /* DefaultViewController.swift in Sources */,
				8E5BB4022073226100FA853F /* DefaultViewModel.swift in Sources */,
				8E99A0A4213523C400415071 /* CurrentTimelineAll.swift in Sources */,
				8E2E6567208D5F3600FB2CE4 /* BlackGridLine.swift in Sources */,
				8E5BB404207322BA00FA853F /* AllDayEvent.swift in Sources */,
				8EBD62EA2096F8AD00520E58 /* LongPressViewController.swift in Sources */,
				8EC8A46B209999A2002C7634 /* LongPressEventCell.swift in Sources */,
				8E048ED9207F26F500A532BA /* OptionsTableViewCell.swift in Sources */,
				8E9A7DF520969919009AEB6E /* LongPressWeekView.swift in Sources */,
				8E7263DF2074B55300ECF7CD /* EventCell.swift in Sources */,
				8E666F142097EC4B00FDB1B6 /* CustomViewController.swift in Sources */,
				8E4DC18820BE2C31007ED7A2 /* AllDayViewModel.swift in Sources */,
				8E54D53E208D6A2B007DD5FE /* HourRowHeader.swift in Sources */,
				8E54D53B208D6997007DD5FE /* CustomWeekView.swift in Sources */,
				8E7263E32074B73300ECF7CD /* DefaultWeekView.swift in Sources */,
				8E5BB3D22072F4A000FA853F /* AppDelegate.swift in Sources */,
				8E048ED6207EF83300A532BA /* ExpandableHeaderView.swift in Sources */,
				8E0D30B1208EBB0F00B7FC59 /* ToastUtil.swift in Sources */,
				8E048ED4207EF65000A532BA /* OptionsViewModel.swift in Sources */,
				8E9AE75B20773F3500B7004E /* ExampleOptionsViewController.swift in Sources */,
			);
			runOnlyForDeploymentPostprocessing = 0;
		};
/* End PBXSourcesBuildPhase section */

/* Begin PBXTargetDependency section */
		8EE28FC220882DE900C69A77 /* PBXTargetDependency */ = {
			isa = PBXTargetDependency;
			name = JZCalendarWeekView;
			targetProxy = 8EE28FC120882DE900C69A77 /* PBXContainerItemProxy */;
		};
/* End PBXTargetDependency section */

/* Begin PBXVariantGroup section */
		8E5BB3D52072F4A000FA853F /* Main.storyboard */ = {
			isa = PBXVariantGroup;
			children = (
				8E5BB3D62072F4A000FA853F /* Base */,
			);
			name = Main.storyboard;
			sourceTree = "<group>";
		};
		8E5BB3DA2072F4A000FA853F /* LaunchScreen.storyboard */ = {
			isa = PBXVariantGroup;
			children = (
				8E5BB3DB2072F4A000FA853F /* Base */,
			);
			name = LaunchScreen.storyboard;
			sourceTree = "<group>";
		};
/* End PBXVariantGroup section */

/* Begin XCBuildConfiguration section */
		8E5BB3DE2072F4A000FA853F /* Debug */ = {
			isa = XCBuildConfiguration;
			buildSettings = {
				ALWAYS_SEARCH_USER_PATHS = NO;
				CLANG_ANALYZER_NONNULL = YES;
				CLANG_ANALYZER_NUMBER_OBJECT_CONVERSION = YES_AGGRESSIVE;
				CLANG_CXX_LANGUAGE_STANDARD = "gnu++14";
				CLANG_CXX_LIBRARY = "libc++";
				CLANG_ENABLE_MODULES = YES;
				CLANG_ENABLE_OBJC_ARC = YES;
				CLANG_WARN_BLOCK_CAPTURE_AUTORELEASING = YES;
				CLANG_WARN_BOOL_CONVERSION = YES;
				CLANG_WARN_COMMA = YES;
				CLANG_WARN_CONSTANT_CONVERSION = YES;
				CLANG_WARN_DEPRECATED_OBJC_IMPLEMENTATIONS = YES;
				CLANG_WARN_DIRECT_OBJC_ISA_USAGE = YES_ERROR;
				CLANG_WARN_DOCUMENTATION_COMMENTS = YES;
				CLANG_WARN_EMPTY_BODY = YES;
				CLANG_WARN_ENUM_CONVERSION = YES;
				CLANG_WARN_INFINITE_RECURSION = YES;
				CLANG_WARN_INT_CONVERSION = YES;
				CLANG_WARN_NON_LITERAL_NULL_CONVERSION = YES;
				CLANG_WARN_OBJC_IMPLICIT_RETAIN_SELF = YES;
				CLANG_WARN_OBJC_LITERAL_CONVERSION = YES;
				CLANG_WARN_OBJC_ROOT_CLASS = YES_ERROR;
				CLANG_WARN_RANGE_LOOP_ANALYSIS = YES;
				CLANG_WARN_STRICT_PROTOTYPES = YES;
				CLANG_WARN_SUSPICIOUS_MOVE = YES;
				CLANG_WARN_UNGUARDED_AVAILABILITY = YES_AGGRESSIVE;
				CLANG_WARN_UNREACHABLE_CODE = YES;
				CLANG_WARN__DUPLICATE_METHOD_MATCH = YES;
				CODE_SIGN_IDENTITY = "iPhone Developer";
				COPY_PHASE_STRIP = NO;
				DEBUG_INFORMATION_FORMAT = dwarf;
				ENABLE_STRICT_OBJC_MSGSEND = YES;
				ENABLE_TESTABILITY = YES;
				GCC_C_LANGUAGE_STANDARD = gnu11;
				GCC_DYNAMIC_NO_PIC = NO;
				GCC_NO_COMMON_BLOCKS = YES;
				GCC_OPTIMIZATION_LEVEL = 0;
				GCC_PREPROCESSOR_DEFINITIONS = (
					"DEBUG=1",
					"$(inherited)",
				);
				GCC_WARN_64_TO_32_BIT_CONVERSION = YES;
				GCC_WARN_ABOUT_RETURN_TYPE = YES_ERROR;
				GCC_WARN_UNDECLARED_SELECTOR = YES;
				GCC_WARN_UNINITIALIZED_AUTOS = YES_AGGRESSIVE;
				GCC_WARN_UNUSED_FUNCTION = YES;
				GCC_WARN_UNUSED_VARIABLE = YES;
				IPHONEOS_DEPLOYMENT_TARGET = 11.2;
				MTL_ENABLE_DEBUG_INFO = YES;
				ONLY_ACTIVE_ARCH = YES;
				SDKROOT = iphoneos;
				SWIFT_ACTIVE_COMPILATION_CONDITIONS = DEBUG;
				SWIFT_OPTIMIZATION_LEVEL = "-Onone";
			};
			name = Debug;
		};
		8E5BB3DF2072F4A000FA853F /* Release */ = {
			isa = XCBuildConfiguration;
			buildSettings = {
				ALWAYS_SEARCH_USER_PATHS = NO;
				CLANG_ANALYZER_NONNULL = YES;
				CLANG_ANALYZER_NUMBER_OBJECT_CONVERSION = YES_AGGRESSIVE;
				CLANG_CXX_LANGUAGE_STANDARD = "gnu++14";
				CLANG_CXX_LIBRARY = "libc++";
				CLANG_ENABLE_MODULES = YES;
				CLANG_ENABLE_OBJC_ARC = YES;
				CLANG_WARN_BLOCK_CAPTURE_AUTORELEASING = YES;
				CLANG_WARN_BOOL_CONVERSION = YES;
				CLANG_WARN_COMMA = YES;
				CLANG_WARN_CONSTANT_CONVERSION = YES;
				CLANG_WARN_DEPRECATED_OBJC_IMPLEMENTATIONS = YES;
				CLANG_WARN_DIRECT_OBJC_ISA_USAGE = YES_ERROR;
				CLANG_WARN_DOCUMENTATION_COMMENTS = YES;
				CLANG_WARN_EMPTY_BODY = YES;
				CLANG_WARN_ENUM_CONVERSION = YES;
				CLANG_WARN_INFINITE_RECURSION = YES;
				CLANG_WARN_INT_CONVERSION = YES;
				CLANG_WARN_NON_LITERAL_NULL_CONVERSION = YES;
				CLANG_WARN_OBJC_IMPLICIT_RETAIN_SELF = YES;
				CLANG_WARN_OBJC_LITERAL_CONVERSION = YES;
				CLANG_WARN_OBJC_ROOT_CLASS = YES_ERROR;
				CLANG_WARN_RANGE_LOOP_ANALYSIS = YES;
				CLANG_WARN_STRICT_PROTOTYPES = YES;
				CLANG_WARN_SUSPICIOUS_MOVE = YES;
				CLANG_WARN_UNGUARDED_AVAILABILITY = YES_AGGRESSIVE;
				CLANG_WARN_UNREACHABLE_CODE = YES;
				CLANG_WARN__DUPLICATE_METHOD_MATCH = YES;
				CODE_SIGN_IDENTITY = "iPhone Developer";
				COPY_PHASE_STRIP = NO;
				DEBUG_INFORMATION_FORMAT = "dwarf-with-dsym";
				ENABLE_NS_ASSERTIONS = NO;
				ENABLE_STRICT_OBJC_MSGSEND = YES;
				GCC_C_LANGUAGE_STANDARD = gnu11;
				GCC_NO_COMMON_BLOCKS = YES;
				GCC_WARN_64_TO_32_BIT_CONVERSION = YES;
				GCC_WARN_ABOUT_RETURN_TYPE = YES_ERROR;
				GCC_WARN_UNDECLARED_SELECTOR = YES;
				GCC_WARN_UNINITIALIZED_AUTOS = YES_AGGRESSIVE;
				GCC_WARN_UNUSED_FUNCTION = YES;
				GCC_WARN_UNUSED_VARIABLE = YES;
				IPHONEOS_DEPLOYMENT_TARGET = 11.2;
				MTL_ENABLE_DEBUG_INFO = NO;
				SDKROOT = iphoneos;
				SWIFT_OPTIMIZATION_LEVEL = "-Owholemodule";
				VALIDATE_PRODUCT = YES;
			};
			name = Release;
		};
		8E5BB3E12072F4A000FA853F /* Debug */ = {
			isa = XCBuildConfiguration;
			buildSettings = {
				ALWAYS_EMBED_SWIFT_STANDARD_LIBRARIES = YES;
				ASSETCATALOG_COMPILER_APPICON_NAME = AppIcon;
				CODE_SIGN_STYLE = Automatic;
				DEVELOPMENT_TEAM = XRYH9M2JN7;
				INFOPLIST_FILE = "$(SRCROOT)/JZCalendarWeekViewExample/Supporting Files/Info.plist";
				IPHONEOS_DEPLOYMENT_TARGET = 9.0;
				LD_RUNPATH_SEARCH_PATHS = "$(inherited) @executable_path/Frameworks";
				PRODUCT_BUNDLE_IDENTIFIER = com.zjfjack.JZCalendarWeekViewExample;
				PRODUCT_NAME = "$(TARGET_NAME)";
				SWIFT_VERSION = 5.0;
				TARGETED_DEVICE_FAMILY = "1,2";
			};
			name = Debug;
		};
		8E5BB3E22072F4A000FA853F /* Release */ = {
			isa = XCBuildConfiguration;
			buildSettings = {
				ALWAYS_EMBED_SWIFT_STANDARD_LIBRARIES = YES;
				ASSETCATALOG_COMPILER_APPICON_NAME = AppIcon;
				CODE_SIGN_STYLE = Automatic;
				DEVELOPMENT_TEAM = XRYH9M2JN7;
				INFOPLIST_FILE = "$(SRCROOT)/JZCalendarWeekViewExample/Supporting Files/Info.plist";
				IPHONEOS_DEPLOYMENT_TARGET = 9.0;
				LD_RUNPATH_SEARCH_PATHS = "$(inherited) @executable_path/Frameworks";
				PRODUCT_BUNDLE_IDENTIFIER = com.zjfjack.JZCalendarWeekViewExample;
				PRODUCT_NAME = "$(TARGET_NAME)";
				SWIFT_VERSION = 5.0;
				TARGETED_DEVICE_FAMILY = "1,2";
			};
			name = Release;
		};
/* End XCBuildConfiguration section */

/* Begin XCConfigurationList section */
		8E5BB3C92072F4A000FA853F /* Build configuration list for PBXProject "JZCalendarWeekViewExample" */ = {
			isa = XCConfigurationList;
			buildConfigurations = (
				8E5BB3DE2072F4A000FA853F /* Debug */,
				8E5BB3DF2072F4A000FA853F /* Release */,
			);
			defaultConfigurationIsVisible = 0;
			defaultConfigurationName = Release;
		};
		8E5BB3E02072F4A000FA853F /* Build configuration list for PBXNativeTarget "JZCalendarWeekViewExample" */ = {
			isa = XCConfigurationList;
			buildConfigurations = (
				8E5BB3E12072F4A000FA853F /* Debug */,
				8E5BB3E22072F4A000FA853F /* Release */,
			);
			defaultConfigurationIsVisible = 0;
			defaultConfigurationName = Release;
		};
/* End XCConfigurationList section */
	};
	rootObject = 8E5BB3C62072F4A000FA853F /* Project object */;
}
